
Microsoft Visual Studio Solution File, Format Version 12.00
# Visual Studio Version 17
VisualStudioVersion = 17.10.35004.147
MinimumVisualStudioVersion = 10.0.40219.1
Project("{9A19103F-16F7-4668-BE54-9A1E7A4F7556}") = "UserManagement.API", "UserManagement.API\UserManagement.API.csproj", "{13DC8F67-1B30-4E5B-A82B-29ED158776EB}"
EndProject
Project("{2150E333-8FDC-42A3-9474-1A3956D46DE8}") = "Src", "Src", "{4A6FC8FC-8A13-47F1-B394-A77405514224}"
EndProject
Project("{2150E333-8FDC-42A3-9474-1A3956D46DE8}") = "tests", "tests", "{23A0CE54-25E6-4E78-A348-60F173566B29}"
EndProject
Project("{FAE04EC0-301F-11D3-BF4B-00C04F79EFBC}") = "UserManagement.Business", "UserManagement.Business\UserManagement.Business.csproj", "{590FD679-B36F-4A24-93AD-BE9A2A759FAE}"
EndProject
Project("{FAE04EC0-301F-11D3-BF4B-00C04F79EFBC}") = "UserManagement.Data", "UserManagement.Data\UserManagement.Data.csproj", "{85B92418-FDA3-4BFE-8D88-7BA1F15DFDD8}"
EndProject
Project("{FAE04EC0-301F-11D3-BF4B-00C04F79EFBC}") = "UserManagement.Models", "UserManagement.Models\UserManagement.Models.csproj", "{7CFA992E-CCE9-431A-BB3C-CE9831F21E56}"
EndProject
Project("{FAE04EC0-301F-11D3-BF4B-00C04F79EFBC}") = "UserManagement.API.Tests", "UserManagement.API.Tests\UserManagement.API.Tests.csproj", "{409CB9E2-DE06-43D0-8EBD-EA4D41B608DB}"
EndProject
Project("{FAE04EC0-301F-11D3-BF4B-00C04F79EFBC}") = "UserManagement.Business.Tests", "UserManagement.Business.Tests\UserManagement.Business.Tests.csproj", "{982549F9-DB8B-4109-91E7-53A8C06D8785}"
EndProject
Project("{FAE04EC0-301F-11D3-BF4B-00C04F79EFBC}") = "UserManagement.Data.Tests", "UserManagement.Data.Tests\UserManagement.Data.Tests.csproj", "{B8C06863-15C4-4579-940B-BC178347B8B1}"
EndProject
Global
	GlobalSection(SolutionConfigurationPlatforms) = preSolution
		Debug|Any CPU = Debug|Any CPU
		Release|Any CPU = Release|Any CPU
	EndGlobalSection
	GlobalSection(ProjectConfigurationPlatforms) = postSolution
		{13DC8F67-1B30-4E5B-A82B-29ED158776EB}.Debug|Any CPU.ActiveCfg = Debug|Any CPU
		{13DC8F67-1B30-4E5B-A82B-29ED158776EB}.Debug|Any CPU.Build.0 = Debug|Any CPU
		{13DC8F67-1B30-4E5B-A82B-29ED158776EB}.Release|Any CPU.ActiveCfg = Release|Any CPU
		{13DC8F67-1B30-4E5B-A82B-29ED158776EB}.Release|Any CPU.Build.0 = Release|Any CPU
		{590FD679-B36F-4A24-93AD-BE9A2A759FAE}.Debug|Any CPU.ActiveCfg = Debug|Any CPU
		{590FD679-B36F-4A24-93AD-BE9A2A759FAE}.Debug|Any CPU.Build.0 = Debug|Any CPU
		{590FD679-B36F-4A24-93AD-BE9A2A759FAE}.Release|Any CPU.ActiveCfg = Release|Any CPU
		{590FD679-B36F-4A24-93AD-BE9A2A759FAE}.Release|Any CPU.Build.0 = Release|Any CPU
		{85B92418-FDA3-4BFE-8D88-7BA1F15DFDD8}.Debug|Any CPU.ActiveCfg = Debug|Any CPU
		{85B92418-FDA3-4BFE-8D88-7BA1F15DFDD8}.Debug|Any CPU.Build.0 = Debug|Any CPU
		{85B92418-FDA3-4BFE-8D88-7BA1F15DFDD8}.Release|Any CPU.ActiveCfg = Release|Any CPU
		{85B92418-FDA3-4BFE-8D88-7BA1F15DFDD8}.Release|Any CPU.Build.0 = Release|Any CPU
		{7CFA992E-CCE9-431A-BB3C-CE9831F21E56}.Debug|Any CPU.ActiveCfg = Debug|Any CPU
		{7CFA992E-CCE9-431A-BB3C-CE9831F21E56}.Debug|Any CPU.Build.0 = Debug|Any CPU
		{7CFA992E-CCE9-431A-BB3C-CE9831F21E56}.Release|Any CPU.ActiveCfg = Release|Any CPU
		{7CFA992E-CCE9-431A-BB3C-CE9831F21E56}.Release|Any CPU.Build.0 = Release|Any CPU
		{409CB9E2-DE06-43D0-8EBD-EA4D41B608DB}.Debug|Any CPU.ActiveCfg = Debug|Any CPU
		{409CB9E2-DE06-43D0-8EBD-EA4D41B608DB}.Debug|Any CPU.Build.0 = Debug|Any CPU
		{409CB9E2-DE06-43D0-8EBD-EA4D41B608DB}.Release|Any CPU.ActiveCfg = Release|Any CPU
		{409CB9E2-DE06-43D0-8EBD-EA4D41B608DB}.Release|Any CPU.Build.0 = Release|Any CPU
		{982549F9-DB8B-4109-91E7-53A8C06D8785}.Debug|Any CPU.ActiveCfg = Debug|Any CPU
		{982549F9-DB8B-4109-91E7-53A8C06D8785}.Debug|Any CPU.Build.0 = Debug|Any CPU
		{982549F9-DB8B-4109-91E7-53A8C06D8785}.Release|Any CPU.ActiveCfg = Release|Any CPU
		{982549F9-DB8B-4109-91E7-53A8C06D8785}.Release|Any CPU.Build.0 = Release|Any CPU
		{B8C06863-15C4-4579-940B-BC178347B8B1}.Debug|Any CPU.ActiveCfg = Debug|Any CPU
		{B8C06863-15C4-4579-940B-BC178347B8B1}.Debug|Any CPU.Build.0 = Debug|Any CPU
		{B8C06863-15C4-4579-940B-BC178347B8B1}.Release|Any CPU.ActiveCfg = Release|Any CPU
		{B8C06863-15C4-4579-940B-BC178347B8B1}.Release|Any CPU.Build.0 = Release|Any CPU
	EndGlobalSection
	GlobalSection(SolutionProperties) = preSolution
		HideSolutionNode = FALSE
	EndGlobalSection
	GlobalSection(NestedProjects) = preSolution
		{13DC8F67-1B30-4E5B-A82B-29ED158776EB} = {4A6FC8FC-8A13-47F1-B394-A77405514224}
		{590FD679-B36F-4A24-93AD-BE9A2A759FAE} = {4A6FC8FC-8A13-47F1-B394-A77405514224}
		{85B92418-FDA3-4BFE-8D88-7BA1F15DFDD8} = {4A6FC8FC-8A13-47F1-B394-A77405514224}
		{7CFA992E-CCE9-431A-BB3C-CE9831F21E56} = {4A6FC8FC-8A13-47F1-B394-A77405514224}
		{409CB9E2-DE06-43D0-8EBD-EA4D41B608DB} = {23A0CE54-25E6-4E78-A348-60F173566B29}
		{982549F9-DB8B-4109-91E7-53A8C06D8785} = {23A0CE54-25E6-4E78-A348-60F173566B29}
		{B8C06863-15C4-4579-940B-BC178347B8B1} = {23A0CE54-25E6-4E78-A348-60F173566B29}
	EndGlobalSection
	GlobalSection(ExtensibilityGlobals) = postSolution
		SolutionGuid = {BCEB0CBF-43B6-4476-A165-9BB1F9D072A9}
	EndGlobalSection
EndGlobal
